
Microsoft Visual Studio Solution File, Format Version 12.00
# Visual Studio Version 17
VisualStudioVersion = 17.0.31903.59
MinimumVisualStudioVersion = 10.0.40219.1
Project("{FAE04EC0-301F-11D3-BF4B-00C04F79EFBC}") = "DevFreela.API", "DevFreela.API\DevFreela.API.csproj", "{F43A0EF0-5651-4137-8652-8A4B10AE638C}"
EndProject
Project("{FAE04EC0-301F-11D3-BF4B-00C04F79EFBC}") = "DevFreela.Core", "DevFreela.Core\DevFreela.Core.csproj", "{23CA5D44-E58B-40A8-BCB6-145B38139D79}"
EndProject
Project("{FAE04EC0-301F-11D3-BF4B-00C04F79EFBC}") = "DevFreela.Infrastructure", "DevFreela.Infrastructure\DevFreela.Infrastructure.csproj", "{F150A4BE-0046-4F0E-8F9B-F601EB9562EC}"
EndProject
Project("{FAE04EC0-301F-11D3-BF4B-00C04F79EFBC}") = "DevFreela.Application", "DevFreela.Application\DevFreela.Application.csproj", "{DEB1F625-DA71-43F0-97DA-BAC39C63C0AD}"
EndProject
Global
	GlobalSection(SolutionConfigurationPlatforms) = preSolution
		Debug|Any CPU = Debug|Any CPU
		Release|Any CPU = Release|Any CPU
	EndGlobalSection
	GlobalSection(SolutionProperties) = preSolution
		HideSolutionNode = FALSE
	EndGlobalSection
	GlobalSection(ProjectConfigurationPlatforms) = postSolution
		{F43A0EF0-5651-4137-8652-8A4B10AE638C}.Debug|Any CPU.ActiveCfg = Debug|Any CPU
		{F43A0EF0-5651-4137-8652-8A4B10AE638C}.Debug|Any CPU.Build.0 = Debug|Any CPU
		{F43A0EF0-5651-4137-8652-8A4B10AE638C}.Release|Any CPU.ActiveCfg = Release|Any CPU
		{F43A0EF0-5651-4137-8652-8A4B10AE638C}.Release|Any CPU.Build.0 = Release|Any CPU
		{23CA5D44-E58B-40A8-BCB6-145B38139D79}.Debug|Any CPU.ActiveCfg = Debug|Any CPU
		{23CA5D44-E58B-40A8-BCB6-145B38139D79}.Debug|Any CPU.Build.0 = Debug|Any CPU
		{23CA5D44-E58B-40A8-BCB6-145B38139D79}.Release|Any CPU.ActiveCfg = Release|Any CPU
		{23CA5D44-E58B-40A8-BCB6-145B38139D79}.Release|Any CPU.Build.0 = Release|Any CPU
		{F150A4BE-0046-4F0E-8F9B-F601EB9562EC}.Debug|Any CPU.ActiveCfg = Debug|Any CPU
		{F150A4BE-0046-4F0E-8F9B-F601EB9562EC}.Debug|Any CPU.Build.0 = Debug|Any CPU
		{F150A4BE-0046-4F0E-8F9B-F601EB9562EC}.Release|Any CPU.ActiveCfg = Release|Any CPU
		{F150A4BE-0046-4F0E-8F9B-F601EB9562EC}.Release|Any CPU.Build.0 = Release|Any CPU
		{DEB1F625-DA71-43F0-97DA-BAC39C63C0AD}.Debug|Any CPU.ActiveCfg = Debug|Any CPU
		{DEB1F625-DA71-43F0-97DA-BAC39C63C0AD}.Debug|Any CPU.Build.0 = Debug|Any CPU
		{DEB1F625-DA71-43F0-97DA-BAC39C63C0AD}.Release|Any CPU.ActiveCfg = Release|Any CPU
		{DEB1F625-DA71-43F0-97DA-BAC39C63C0AD}.Release|Any CPU.Build.0 = Release|Any CPU
	EndGlobalSection
EndGlobal
